
Microsoft Visual Studio Solution File, Format Version 12.00
# Visual Studio Version 16
VisualStudioVersion = 16.0.30611.23
MinimumVisualStudioVersion = 10.0.40219.1
Project("{FAE04EC0-301F-11D3-BF4B-00C04F79EFBC}") = "ContosoUniversity", "ContosoUniversity\ContosoUniversity.csproj", "{A2A381B8-2538-49A9-B311-A75DDB05B79A}"
EndProject
Global
	GlobalSection(SolutionConfigurationPlatforms) = preSolution
		Debug|Any CPU = Debug|Any CPU
		Release|Any CPU = Release|Any CPU
	EndGlobalSection
	GlobalSection(ProjectConfigurationPlatforms) = postSolution
		{A2A381B8-2538-49A9-B311-A75DDB05B79A}.Debug|Any CPU.ActiveCfg = Debug|Any CPU
		{A2A381B8-2538-49A9-B311-A75DDB05B79A}.Debug|Any CPU.Build.0 = Debug|Any CPU
		{A2A381B8-2538-49A9-B311-A75DDB05B79A}.Release|Any CPU.ActiveCfg = Release|Any CPU
		{A2A381B8-2538-49A9-B311-A75DDB05B79A}.Release|Any CPU.Build.0 = Release|Any CPU
	EndGlobalSection
	GlobalSection(SolutionProperties) = preSolution
		HideSolutionNode = FALSE
	EndGlobalSection
	GlobalSection(ExtensibilityGlobals) = postSolution
		SolutionGuid = {B2B1FB65-560C-4B13-A02A-0988D153495C}
	EndGlobalSection
EndGlobal
